// !$*UTF8*$!
{
	archiveVersion = 1;
	classes = {
	};
	objectVersion = 46;
	objects = {

/* Begin PBXBuildFile section */
		17719CAE1CB237D700EFFC9D /* AppDelegate.swift in Sources */ = {isa = PBXBuildFile; fileRef = 17719CAD1CB237D700EFFC9D /* AppDelegate.swift */; };
		17719CB01CB237D700EFFC9D /* ViewController.swift in Sources */ = {isa = PBXBuildFile; fileRef = 17719CAF1CB237D700EFFC9D /* ViewController.swift */; };
		17719CB31CB237D700EFFC9D /* Main.storyboard in Resources */ = {isa = PBXBuildFile; fileRef = 17719CB11CB237D700EFFC9D /* Main.storyboard */; };
		17719CB51CB237D700EFFC9D /* Assets.xcassets in Resources */ = {isa = PBXBuildFile; fileRef = 17719CB41CB237D700EFFC9D /* Assets.xcassets */; };
		17719CB81CB237D700EFFC9D /* LaunchScreen.storyboard in Resources */ = {isa = PBXBuildFile; fileRef = 17719CB61CB237D700EFFC9D /* LaunchScreen.storyboard */; };
/* End PBXBuildFile section */

/* Begin PBXFileReference section */
		17719CAA1CB237D700EFFC9D /* Koyomi.app */ = {isa = PBXFileReference; explicitFileType = wrapper.application; includeInIndex = 0; path = Koyomi.app; sourceTree = BUILT_PRODUCTS_DIR; };
		17719CAD1CB237D700EFFC9D /* AppDelegate.swift */ = {isa = PBXFileReference; lastKnownFileType = sourcecode.swift; path = AppDelegate.swift; sourceTree = "<group>"; };
		17719CAF1CB237D700EFFC9D /* ViewController.swift */ = {isa = PBXFileReference; lastKnownFileType = sourcecode.swift; path = ViewController.swift; sourceTree = "<group>"; };
		17719CB21CB237D700EFFC9D /* Base */ = {isa = PBXFileReference; lastKnownFileType = file.storyboard; name = Base; path = Base.lproj/Main.storyboard; sourceTree = "<group>"; };
		17719CB41CB237D700EFFC9D /* Assets.xcassets */ = {isa = PBXFileReference; lastKnownFileType = folder.assetcatalog; path = Assets.xcassets; sourceTree = "<group>"; };
		17719CB71CB237D700EFFC9D /* Base */ = {isa = PBXFileReference; lastKnownFileType = file.storyboard; name = Base; path = Base.lproj/LaunchScreen.storyboard; sourceTree = "<group>"; };
		17719CB91CB237D700EFFC9D /* Info.plist */ = {isa = PBXFileReference; lastKnownFileType = text.plist.xml; path = Info.plist; sourceTree = "<group>"; };
/* End PBXFileReference section */

/* Begin PBXFrameworksBuildPhase section */
		17719CA71CB237D700EFFC9D /* Frameworks */ = {
			isa = PBXFrameworksBuildPhase;
			buildActionMask = 2147483647;
			files = (
			);
			runOnlyForDeploymentPostprocessing = 0;
		};
/* End PBXFrameworksBuildPhase section */

/* Begin PBXGroup section */
		17719CA11CB237D700EFFC9D = {
			isa = PBXGroup;
			children = (
				17719CAC1CB237D700EFFC9D /* Koyomi */,
				17719CAB1CB237D700EFFC9D /* Products */,
			);
			sourceTree = "<group>";
		};
		17719CAB1CB237D700EFFC9D /* Products */ = {
			isa = PBXGroup;
			children = (
				17719CAA1CB237D700EFFC9D /* Koyomi.app */,
			);
			name = Products;
			sourceTree = "<group>";
		};
		17719CAC1CB237D700EFFC9D /* Koyomi */ = {
			isa = PBXGroup;
			children = (
				17719CAD1CB237D700EFFC9D /* AppDelegate.swift */,
				17719CAF1CB237D700EFFC9D /* ViewController.swift */,
				17719CB11CB237D700EFFC9D /* Main.storyboard */,
				17719CB41CB237D700EFFC9D /* Assets.xcassets */,
				17719CB61CB237D700EFFC9D /* LaunchScreen.storyboard */,
				17719CB91CB237D700EFFC9D /* Info.plist */,
			);
			path = Koyomi;
			sourceTree = "<group>";
		};
/* End PBXGroup section */

/* Begin PBXNativeTarget section */
		17719CA91CB237D700EFFC9D /* Koyomi */ = {
			isa = PBXNativeTarget;
			buildConfigurationList = 17719CBC1CB237D700EFFC9D /* Build configuration list for PBXNativeTarget "Koyomi" */;
			buildPhases = (
				17719CA61CB237D700EFFC9D /* Sources */,
				17719CA71CB237D700EFFC9D /* Frameworks */,
				17719CA81CB237D700EFFC9D /* Resources */,
			);
			buildRules = (
			);
			dependencies = (
			);
			name = Koyomi;
			productName = Koyomi;
			productReference = 17719CAA1CB237D700EFFC9D /* Koyomi.app */;
			productType = "com.apple.product-type.application";
		};
/* End PBXNativeTarget section */

/* Begin PBXProject section */
		17719CA21CB237D700EFFC9D /* Project object */ = {
			isa = PBXProject;
			attributes = {
				LastSwiftUpdateCheck = 0730;
				LastUpgradeCheck = 0730;
				ORGANIZATIONNAME = AkikoHayashi;
				TargetAttributes = {
					17719CA91CB237D700EFFC9D = {
						CreatedOnToolsVersion = 7.3;
					};
				};
			};
			buildConfigurationList = 17719CA51CB237D700EFFC9D /* Build configuration list for PBXProject "Koyomi" */;
			compatibilityVersion = "Xcode 3.2";
			developmentRegion = English;
			hasScannedForEncodings = 0;
			knownRegions = (
				en,
				Base,
			);
			mainGroup = 17719CA11CB237D700EFFC9D;
			productRefGroup = 17719CAB1CB237D700EFFC9D /* Products */;
			projectDirPath = "";
			projectRoot = "";
			targets = (
				17719CA91CB237D700EFFC9D /* Koyomi */,
			);
		};
/* End PBXProject section */

/* Begin PBXResourcesBuildPhase section */
		17719CA81CB237D700EFFC9D /* Resources */ = {
			isa = PBXResourcesBuildPhase;
			buildActionMask = 2147483647;
			files = (
				17719CB81CB237D700EFFC9D /* LaunchScreen.storyboard in Resources */,
				17719CB51CB237D700EFFC9D /* Assets.xcassets in Resources */,
				17719CB31CB237D700EFFC9D /* Main.storyboard in Resources */,
			);
			runOnlyForDeploymentPostprocessing = 0;
		};
/* End PBXResourcesBuildPhase section */

/* Begin PBXSourcesBuildPhase section */
		17719CA61CB237D700EFFC9D /* Sources */ = {
			isa = PBXSourcesBuildPhase;
			buildActionMask = 2147483647;
			files = (
				17719CB01CB237D700EFFC9D /* ViewController.swift in Sources */,
				17719CAE1CB237D700EFFC9D /* AppDelegate.swift in Sources */,
			);
			runOnlyForDeploymentPostprocessing = 0;
		};
/* End PBXSourcesBuildPhase section */

/* Begin PBXVariantGroup section */
		17719CB11CB237D700EFFC9D /* Main.storyboard */ = {
			isa = PBXVariantGroup;
			children = (
				17719CB21CB237D700EFFC9D /* Base */,
			);
			name = Main.storyboard;
			sourceTree = "<group>";
		};
		17719CB61CB237D700EFFC9D /* LaunchScreen.storyboard */ = {
			isa = PBXVariantGroup;
			children = (
				17719CB71CB237D700EFFC9D /* Base */,
			);
			name = LaunchScreen.storyboard;
			sourceTree = "<group>";
		};
/* End PBXVariantGroup section */

/* Begin XCBuildConfiguration section */
		17719CBA1CB237D700EFFC9D /* Debug */ = {
			isa = XCBuildConfiguration;
			buildSettings = {
				ALWAYS_SEARCH_USER_PATHS = NO;
				CLANG_ANALYZER_NONNULL = YES;
				CLANG_CXX_LANGUAGE_STANDARD = "gnu++0x";
				CLANG_CXX_LIBRARY = "libc++";
				CLANG_ENABLE_MODULES = YES;
				CLANG_ENABLE_OBJC_ARC = YES;
				CLANG_WARN_BOOL_CONVERSION = YES;
				CLANG_WARN_CONSTANT_CONVERSION = YES;
				CLANG_WARN_DIRECT_OBJC_ISA_USAGE = YES_ERROR;
				CLANG_WARN_EMPTY_BODY = YES;
				CLANG_WARN_ENUM_CONVERSION = YES;
				CLANG_WARN_INT_CONVERSION = YES;
				CLANG_WARN_OBJC_ROOT_CLASS = YES_ERROR;
				CLANG_WARN_UNREACHABLE_CODE = YES;
				CLANG_WARN__DUPLICATE_METHOD_MATCH = YES;
				"CODE_SIGN_IDENTITY[sdk=iphoneos*]" = "iPhone Developer";
				COPY_PHASE_STRIP = NO;
				DEBUG_INFORMATION_FORMAT = dwarf;
				ENABLE_STRICT_OBJC_MSGSEND = YES;
				ENABLE_TESTABILITY = YES;
				GCC_C_LANGUAGE_STANDARD = gnu99;
				GCC_DYNAMIC_NO_PIC = NO;
				GCC_NO_COMMON_BLOCKS = YES;
				GCC_OPTIMIZATION_LEVEL = 0;
				GCC_PREPROCESSOR_DEFINITIONS = (
					"DEBUG=1",
					"$(inherited)",
				);
				GCC_WARN_64_TO_32_BIT_CONVERSION = YES;
				GCC_WARN_ABOUT_RETURN_TYPE = YES_ERROR;
				GCC_WARN_UNDECLARED_SELECTOR = YES;
				GCC_WARN_UNINITIALIZED_AUTOS = YES_AGGRESSIVE;
				GCC_WARN_UNUSED_FUNCTION = YES;
				GCC_WARN_UNUSED_VARIABLE = YES;
				IPHONEOS_DEPLOYMENT_TARGET = 9.3;
				MTL_ENABLE_DEBUG_INFO = YES;
				ONLY_ACTIVE_ARCH = YES;
				SDKROOT = iphoneos;
				SWIFT_OPTIMIZATION_LEVEL = "-Onone";
			};
			name = Debug;
		};
		17719CBB1CB237D700EFFC9D /* Release */ = {
			isa = XCBuildConfiguration;
			buildSettings = {
				ALWAYS_SEARCH_USER_PATHS = NO;
				CLANG_ANALYZER_NONNULL = YES;
				CLANG_CXX_LANGUAGE_STANDARD = "gnu++0x";
				CLANG_CXX_LIBRARY = "libc++";
				CLANG_ENABLE_MODULES = YES;
				CLANG_ENABLE_OBJC_ARC = YES;
				CLANG_WARN_BOOL_CONVERSION = YES;
				CLANG_WARN_CONSTANT_CONVERSION = YES;
				CLANG_WARN_DIRECT_OBJC_ISA_USAGE = YES_ERROR;
				CLANG_WARN_EMPTY_BODY = YES;
				CLANG_WARN_ENUM_CONVERSION = YES;
				CLANG_WARN_INT_CONVERSION = YES;
				CLANG_WARN_OBJC_ROOT_CLASS = YES_ERROR;
				CLANG_WARN_UNREACHABLE_CODE = YES;
				CLANG_WARN__DUPLICATE_METHOD_MATCH = YES;
				"CODE_SIGN_IDENTITY[sdk=iphoneos*]" = "iPhone Developer";
				COPY_PHASE_STRIP = NO;
				DEBUG_INFORMATION_FORMAT = "dwarf-with-dsym";
				ENABLE_NS_ASSERTIONS = NO;
				ENABLE_STRICT_OBJC_MSGSEND = YES;
				GCC_C_LANGUAGE_STANDARD = gnu99;
				GCC_NO_COMMON_BLOCKS = YES;
				GCC_WARN_64_TO_32_BIT_CONVERSION = YES;
				GCC_WARN_ABOUT_RETURN_TYPE = YES_ERROR;
				GCC_WARN_UNDECLARED_SELECTOR = YES;
				GCC_WARN_UNINITIALIZED_AUTOS = YES_AGGRESSIVE;
				GCC_WARN_UNUSED_FUNCTION = YES;
				GCC_WARN_UNUSED_VARIABLE = YES;
				IPHONEOS_DEPLOYMENT_TARGET = 9.3;
				MTL_ENABLE_DEBUG_INFO = NO;
				SDKROOT = iphoneos;
				VALIDATE_PRODUCT = YES;
			};
			name = Release;
		};
		17719CBD1CB237D700EFFC9D /* Debug */ = {
			isa = XCBuildConfiguration;
			buildSettings = {
				ASSETCATALOG_COMPILER_APPICON_NAME = AppIcon;
				INFOPLIST_FILE = Koyomi/Info.plist;
				LD_RUNPATH_SEARCH_PATHS = "$(inherited) @executable_path/Frameworks";
				PRODUCT_BUNDLE_IDENTIFIER = com.chips.Koyomi;
				PRODUCT_NAME = "$(TARGET_NAME)";
			};
			name = Debug;
		};
		17719CBE1CB237D700EFFC9D /* Release */ = {
			isa = XCBuildConfiguration;
			buildSettings = {
				ASSETCATALOG_COMPILER_APPICON_NAME = AppIcon;
				INFOPLIST_FILE = Koyomi/Info.plist;
				LD_RUNPATH_SEARCH_PATHS = "$(inherited) @executable_path/Frameworks";
				PRODUCT_BUNDLE_IDENTIFIER = com.chips.Koyomi;
				PRODUCT_NAME = "$(TARGET_NAME)";
			};
			name = Release;
		};
/* End XCBuildConfiguration section */

/* Begin XCConfigurationList section */
		17719CA51CB237D700EFFC9D /* Build configuration list for PBXProject "Koyomi" */ = {
			isa = XCConfigurationList;
			buildConfigurations = (
				17719CBA1CB237D700EFFC9D /* Debug */,
				17719CBB1CB237D700EFFC9D /* Release */,
			);
			defaultConfigurationIsVisible = 0;
			defaultConfigurationName = Release;
		};
		17719CBC1CB237D700EFFC9D /* Build configuration list for PBXNativeTarget "Koyomi" */ = {
			isa = XCConfigurationList;
			buildConfigurations = (
				17719CBD1CB237D700EFFC9D /* Debug */,
				17719CBE1CB237D700EFFC9D /* Release */,
			);
			defaultConfigurationIsVisible = 0;
		};
/* End XCConfigurationList section */
	};
	rootObject = 17719CA21CB237D700EFFC9D /* Project object */;
}
